[[package]]
name = "asgiref"
version = "3.5.2"
description = "ASGI specs, helper code, and adapters"
category = "main"
optional = false
python-versions = ">=3.7"

[package.extras]
tests = ["pytest", "pytest-asyncio", "mypy (>=0.800)"]

[[package]]
name = "base36"
version = "0.1.1"
description = "Yet another implementation for the positional numeral system using 36 as the radix."
category = "main"
optional = false
python-versions = "*"

[[package]]
name = "certifi"
version = "2022.6.15"
description = "Python package for providing Mozilla's CA Bundle."
category = "main"
optional = false
python-versions = ">=3.6"

[[package]]
name = "charset-normalizer"
version = "2.1.0"
description = "The Real First Universal Charset Detector. Open, modern and actively maintained alternative to Chardet."
category = "main"
optional = false
python-versions = ">=3.6.0"

[package.extras]
unicode_backport = ["unicodedata2"]

[[package]]
name = "coverage"
version = "6.4.2"
description = "Code coverage measurement for Python"
category = "dev"
optional = false
python-versions = ">=3.7"

[package.extras]
toml = ["tomli"]

[[package]]
name = "cssselect"
version = "1.1.0"
description = "cssselect parses CSS3 Selectors and translates them to XPath 1.0"
category = "main"
optional = false
python-versions = ">=2.7, !=3.0.*, !=3.1.*, !=3.2.*, !=3.3.*"

[[package]]
name = "django"
version = "4.0.7"
description = "A high-level Python web framework that encourages rapid development and clean, pragmatic design."
category = "main"
optional = false
python-versions = ">=3.8"

[package.dependencies]
asgiref = ">=3.4.1,<4"
sqlparse = ">=0.2.2"
tzdata = {version = "*", markers = "sys_platform == \"win32\""}

[package.extras]
bcrypt = ["bcrypt"]
argon2 = ["argon2-cffi (>=19.1.0)"]

[[package]]
name = "django-service-objects"
version = "0.7.1"
description = "Service objects for Django"
category = "main"
optional = false
python-versions = "*"

[package.dependencies]
Django = ">=1.11"
six = "*"

[package.extras]
celery = ["celery"]

[[package]]
name = "feedgen"
version = "0.9.0"
description = "Feed Generator (ATOM, RSS, Podcasts)"
category = "main"
optional = false
python-versions = "*"

[package.dependencies]
lxml = "*"
python-dateutil = "*"

[[package]]
name = "idna"
version = "3.3"
description = "Internationalized Domain Names in Applications (IDNA)"
category = "main"
optional = false
python-versions = ">=3.5"

[[package]]
name = "lxml"
version = "4.9.1"
description = "Powerful and Pythonic XML processing library combining libxml2/libxslt with the ElementTree API."
category = "main"
optional = false
python-versions = ">=2.7, !=3.0.*, !=3.1.*, !=3.2.*, !=3.3.*, != 3.4.*"

[package.extras]
cssselect = ["cssselect (>=0.7)"]
html5 = ["html5lib"]
htmlsoup = ["beautifulsoup4"]
source = ["Cython (>=0.29.7)"]

[[package]]
name = "pysocks"
version = "1.7.1"
description = "A Python SOCKS client module. See https://github.com/Anorov/PySocks for more information."
category = "main"
optional = false
python-versions = ">=2.7, !=3.0.*, !=3.1.*, !=3.2.*, !=3.3.*"

[[package]]
name = "python-dateutil"
version = "2.8.2"
description = "Extensions to the standard Python datetime module"
category = "main"
optional = false
python-versions = "!=3.0.*,!=3.1.*,!=3.2.*,>=2.7"

[package.dependencies]
six = ">=1.5"

[[package]]
name = "python-dotenv"
version = "0.20.0"
description = "Read key-value pairs from a .env file and set them as environment variables"
category = "main"
optional = false
python-versions = ">=3.5"

[package.extras]
cli = ["click (>=5.0)"]

[[package]]
name = "requests"
version = "2.28.1"
description = "Python HTTP for Humans."
category = "main"
optional = false
python-versions = ">=3.7, <4"

[package.dependencies]
certifi = ">=2017.4.17"
charset-normalizer = ">=2,<3"
idna = ">=2.5,<4"
urllib3 = ">=1.21.1,<1.27"

[package.extras]
use_chardet_on_py3 = ["chardet (>=3.0.2,<6)"]
socks = ["PySocks (>=1.5.6,!=1.5.7)"]

[[package]]
name = "requests-futures"
version = "1.0.0"
description = "Asynchronous Python HTTP for Humans."
category = "main"
optional = false
python-versions = "*"

[package.dependencies]
requests = ">=1.2.0"

[[package]]
name = "requests-mock"
version = "1.9.3"
description = "Mock out responses from the requests package"
category = "dev"
optional = false
python-versions = "*"

[package.dependencies]
requests = ">=2.3,<3"
six = "*"

[package.extras]
fixture = ["fixtures"]
test = ["fixtures", "mock", "purl", "pytest", "sphinx", "testrepository (>=0.0.18)", "testtools"]

[[package]]
name = "sentry-sdk"
version = "1.7.0"
description = "Python client for Sentry (https://sentry.io)"
category = "main"
optional = false
python-versions = "*"

[package.dependencies]
certifi = "*"
urllib3 = ">=1.10.0"

[package.extras]
tornado = ["tornado (>=5)"]
sqlalchemy = ["sqlalchemy (>=1.2)"]
sanic = ["sanic (>=0.8)"]
rq = ["rq (>=0.6)"]
quart = ["blinker (>=1.1)", "quart (>=0.16.1)"]
pyspark = ["pyspark (>=2.4.4)"]
pure_eval = ["asttokens", "executing", "pure-eval"]
httpx = ["httpx (>=0.16.0)"]
flask = ["blinker (>=1.1)", "flask (>=0.11)"]
falcon = ["falcon (>=1.4)"]
django = ["django (>=1.8)"]
chalice = ["chalice (>=1.16.0)"]
celery = ["celery (>=3)"]
bottle = ["bottle (>=0.12.13)"]
beam = ["apache-beam (>=2.12)"]
aiohttp = ["aiohttp (>=3.5)"]

[[package]]
name = "six"
version = "1.16.0"
description = "Python 2 and 3 compatibility utilities"
category = "main"
optional = false
python-versions = ">=2.7, !=3.0.*, !=3.1.*, !=3.2.*"

[[package]]
name = "sqlparse"
version = "0.4.2"
description = "A non-validating SQL parser."
category = "main"
optional = false
python-versions = ">=3.5"

[[package]]
name = "tzdata"
version = "2022.1"
description = "Provider of IANA time zone data"
category = "main"
optional = false
python-versions = ">=2"

[[package]]
name = "urllib3"
version = "1.26.10"
description = "HTTP library with thread-safe connection pooling, file post, and more."
category = "main"
optional = false
python-versions = ">=2.7, !=3.0.*, !=3.1.*, !=3.2.*, !=3.3.*, !=3.4.*, !=3.5.*, <4"

[package.extras]
brotli = ["brotlicffi (>=0.8.0)", "brotli (>=1.0.9)", "brotlipy (>=0.6.0)"]
secure = ["pyOpenSSL (>=0.14)", "cryptography (>=1.3.4)", "idna (>=2.0.0)", "certifi", "ipaddress"]
socks = ["PySocks (>=1.5.6,!=1.5.7,<2.0)"]

[[package]]
name = "uwsgi"
version = "2.0.20"
description = "The uWSGI server"
category = "main"
optional = false
python-versions = "*"

[metadata]
lock-version = "1.1"
python-versions = "^3.9"
content-hash = "9630e0360c075ecc437fdc5e06b73c70219a182afbb33622eb1d2fa7a421c3bb"

[metadata.files]
asgiref = [
    {file = "asgiref-3.5.2-py3-none-any.whl", hash = "sha256:1d2880b792ae8757289136f1db2b7b99100ce959b2aa57fd69dab783d05afac4"},
    {file = "asgiref-3.5.2.tar.gz", hash = "sha256:4a29362a6acebe09bf1d6640db38c1dc3d9217c68e6f9f6204d72667fc19a424"},
]
base36 = [
    {file = "base36-0.1.1-py2.py3-none-any.whl", hash = "sha256:15eec75cf938a2186349e6b6dfc7320c73c065921493be83808c68d909b15763"},
    {file = "base36-0.1.1.tar.gz", hash = "sha256:6f221783c5499bd5fd4a1102054df9638d6232ff5ca850c21fd1efe5070c1a96"},
]
certifi = [
    {file = "certifi-2022.6.15-py3-none-any.whl", hash = "sha256:fe86415d55e84719d75f8b69414f6438ac3547d2078ab91b67e779ef69378412"},
    {file = "certifi-2022.6.15.tar.gz", hash = "sha256:84c85a9078b11105f04f3036a9482ae10e4621616db313fe045dd24743a0820d"},
]
charset-normalizer = [
    {file = "charset-normalizer-2.1.0.tar.gz", hash = "sha256:575e708016ff3a5e3681541cb9d79312c416835686d054a23accb873b254f413"},
    {file = "charset_normalizer-2.1.0-py3-none-any.whl", hash = "sha256:5189b6f22b01957427f35b6a08d9a0bc45b46d3788ef5a92e978433c7a35f8a5"},
]
coverage = [
    {file = "coverage-6.4.2-cp310-cp310-macosx_10_9_x86_64.whl", hash = "sha256:a9032f9b7d38bdf882ac9f66ebde3afb8145f0d4c24b2e600bc4c6304aafb87e"},
    {file = "coverage-6.4.2-cp310-cp310-macosx_11_0_arm64.whl", hash = "sha256:e0524adb49c716ca763dbc1d27bedce36b14f33e6b8af6dba56886476b42957c"},
    {file = "coverage-6.4.2-cp310-cp310-manylinux_2_17_aarch64.manylinux2014_aarch64.whl", hash = "sha256:d4548be38a1c810d79e097a38107b6bf2ff42151900e47d49635be69943763d8"},
    {file = "coverage-6.4.2-cp310-cp310-manylinux_2_5_i686.manylinux1_i686.manylinux_2_17_i686.manylinux2014_i686.whl", hash = "sha256:f23876b018dfa5d3e98e96f5644b109090f16a4acb22064e0f06933663005d39"},
    {file = "coverage-6.4.2-cp310-cp310-manylinux_2_5_x86_64.manylinux1_x86_64.manylinux_2_17_x86_64.manylinux2014_x86_64.whl", hash = "sha256:6fe75dcfcb889b6800f072f2af5a331342d63d0c1b3d2bf0f7b4f6c353e8c9c0"},
    {file = "coverage-6.4.2-cp310-cp310-musllinux_1_1_aarch64.whl", hash = "sha256:2f8553878a24b00d5ab04b7a92a2af50409247ca5c4b7a2bf4eabe94ed20d3ee"},
    {file = "coverage-6.4.2-cp310-cp310-musllinux_1_1_i686.whl", hash = "sha256:d774d9e97007b018a651eadc1b3970ed20237395527e22cbeb743d8e73e0563d"},
    {file = "coverage-6.4.2-cp310-cp310-musllinux_1_1_x86_64.whl", hash = "sha256:d56f105592188ce7a797b2bd94b4a8cb2e36d5d9b0d8a1d2060ff2a71e6b9bbc"},
    {file = "coverage-6.4.2-cp310-cp310-win32.whl", hash = "sha256:d230d333b0be8042ac34808ad722eabba30036232e7a6fb3e317c49f61c93386"},
    {file = "coverage-6.4.2-cp310-cp310-win_amd64.whl", hash = "sha256:5ef42e1db047ca42827a85e34abe973971c635f83aed49611b7f3ab49d0130f0"},
    {file = "coverage-6.4.2-cp37-cp37m-macosx_10_9_x86_64.whl", hash = "sha256:25b7ec944f114f70803d6529394b64f8749e93cbfac0fe6c5ea1b7e6c14e8a46"},
    {file = "coverage-6.4.2-cp37-cp37m-manylinux_2_17_aarch64.manylinux2014_aarch64.whl", hash = "sha256:7bb00521ab4f99fdce2d5c05a91bddc0280f0afaee0e0a00425e28e209d4af07"},
    {file = "coverage-6.4.2-cp37-cp37m-manylinux_2_5_i686.manylinux1_i686.manylinux_2_17_i686.manylinux2014_i686.whl", hash = "sha256:2dff52b3e7f76ada36f82124703f4953186d9029d00d6287f17c68a75e2e6039"},
    {file = "coverage-6.4.2-cp37-cp37m-manylinux_2_5_x86_64.manylinux1_x86_64.manylinux_2_17_x86_64.manylinux2014_x86_64.whl", hash = "sha256:147605e1702d996279bb3cc3b164f408698850011210d133a2cb96a73a2f7996"},
    {file = "coverage-6.4.2-cp37-cp37m-musllinux_1_1_aarch64.whl", hash = "sha256:422fa44070b42fef9fb8dabd5af03861708cdd6deb69463adc2130b7bf81332f"},
    {file = "coverage-6.4.2-cp37-cp37m-musllinux_1_1_i686.whl", hash = "sha256:8af6c26ba8df6338e57bedbf916d76bdae6308e57fc8f14397f03b5da8622b4e"},
    {file = "coverage-6.4.2-cp37-cp37m-musllinux_1_1_x86_64.whl", hash = "sha256:5336e0352c0b12c7e72727d50ff02557005f79a0b8dcad9219c7c4940a930083"},
    {file = "coverage-6.4.2-cp37-cp37m-win32.whl", hash = "sha256:0f211df2cba951ffcae210ee00e54921ab42e2b64e0bf2c0befc977377fb09b7"},
    {file = "coverage-6.4.2-cp37-cp37m-win_amd64.whl", hash = "sha256:a13772c19619118903d65a91f1d5fea84be494d12fd406d06c849b00d31bf120"},
    {file = "coverage-6.4.2-cp38-cp38-macosx_10_9_x86_64.whl", hash = "sha256:f7bd0ffbcd03dc39490a1f40b2669cc414fae0c4e16b77bb26806a4d0b7d1452"},
    {file = "coverage-6.4.2-cp38-cp38-macosx_11_0_arm64.whl", hash = "sha256:0895ea6e6f7f9939166cc835df8fa4599e2d9b759b02d1521b574e13b859ac32"},
    {file = "coverage-6.4.2-cp38-cp38-manylinux_2_17_aarch64.manylinux2014_aarch64.whl", hash = "sha256:d4e7ced84a11c10160c0697a6cc0b214a5d7ab21dfec1cd46e89fbf77cc66fae"},
    {file = "coverage-6.4.2-cp38-cp38-manylinux_2_5_i686.manylinux1_i686.manylinux_2_17_i686.manylinux2014_i686.whl", hash = "sha256:80db4a47a199c4563d4a25919ff29c97c87569130375beca3483b41ad5f698e8"},
    {file = "coverage-6.4.2-cp38-cp38-manylinux_2_5_x86_64.manylinux1_x86_64.manylinux_2_17_x86_64.manylinux2014_x86_64.whl", hash = "sha256:3def6791adf580d66f025223078dc84c64696a26f174131059ce8e91452584e1"},
    {file = "coverage-6.4.2-cp38-cp38-musllinux_1_1_aarch64.whl", hash = "sha256:4f89d8e03c8a3757aae65570d14033e8edf192ee9298303db15955cadcff0c63"},
    {file = "coverage-6.4.2-cp38-cp38-musllinux_1_1_i686.whl", hash = "sha256:6d0b48aff8e9720bdec315d67723f0babd936a7211dc5df453ddf76f89c59933"},
    {file = "coverage-6.4.2-cp38-cp38-musllinux_1_1_x86_64.whl", hash = "sha256:2b20286c2b726f94e766e86a3fddb7b7e37af5d0c635bdfa7e4399bc523563de"},
    {file = "coverage-6.4.2-cp38-cp38-win32.whl", hash = "sha256:d714af0bdba67739598849c9f18efdcc5a0412f4993914a0ec5ce0f1e864d783"},
    {file = "coverage-6.4.2-cp38-cp38-win_amd64.whl", hash = "sha256:5f65e5d3ff2d895dab76b1faca4586b970a99b5d4b24e9aafffc0ce94a6022d6"},
    {file = "coverage-6.4.2-cp39-cp39-macosx_10_9_x86_64.whl", hash = "sha256:a697977157adc052284a7160569b36a8bbec09db3c3220642e6323b47cec090f"},
    {file = "coverage-6.4.2-cp39-cp39-macosx_11_0_arm64.whl", hash = "sha256:c77943ef768276b61c96a3eb854eba55633c7a3fddf0a79f82805f232326d33f"},
    {file = "coverage-6.4.2-cp39-cp39-manylinux_2_17_aarch64.manylinux2014_aarch64.whl", hash = "sha256:54d8d0e073a7f238f0666d3c7c0d37469b2aa43311e4024c925ee14f5d5a1cbe"},
    {file = "coverage-6.4.2-cp39-cp39-manylinux_2_5_i686.manylinux1_i686.manylinux_2_17_i686.manylinux2014_i686.whl", hash = "sha256:f22325010d8824594820d6ce84fa830838f581a7fd86a9235f0d2ed6deb61e29"},
    {file = "coverage-6.4.2-cp39-cp39-manylinux_2_5_x86_64.manylinux1_x86_64.manylinux_2_17_x86_64.manylinux2014_x86_64.whl", hash = "sha256:24b04d305ea172ccb21bee5bacd559383cba2c6fcdef85b7701cf2de4188aa55"},
    {file = "coverage-6.4.2-cp39-cp39-musllinux_1_1_aarch64.whl", hash = "sha256:866ebf42b4c5dbafd64455b0a1cd5aa7b4837a894809413b930026c91e18090b"},
    {file = "coverage-6.4.2-cp39-cp39-musllinux_1_1_i686.whl", hash = "sha256:e36750fbbc422c1c46c9d13b937ab437138b998fe74a635ec88989afb57a3978"},
    {file = "coverage-6.4.2-cp39-cp39-musllinux_1_1_x86_64.whl", hash = "sha256:79419370d6a637cb18553ecb25228893966bd7935a9120fa454e7076f13b627c"},
    {file = "coverage-6.4.2-cp39-cp39-win32.whl", hash = "sha256:b5e28db9199dd3833cc8a07fa6cf429a01227b5d429facb56eccd765050c26cd"},
    {file = "coverage-6.4.2-cp39-cp39-win_amd64.whl", hash = "sha256:edfdabe7aa4f97ed2b9dd5dde52d2bb29cb466993bb9d612ddd10d0085a683cf"},
    {file = "coverage-6.4.2-pp36.pp37.pp38-none-any.whl", hash = "sha256:e2618cb2cf5a7cc8d698306e42ebcacd02fb7ef8cfc18485c59394152c70be97"},
    {file = "coverage-6.4.2.tar.gz", hash = "sha256:6c3ccfe89c36f3e5b9837b9ee507472310164f352c9fe332120b764c9d60adbe"},
]
cssselect = [
    {file = "cssselect-1.1.0-py2.py3-none-any.whl", hash = "sha256:f612ee47b749c877ebae5bb77035d8f4202c6ad0f0fc1271b3c18ad6c4468ecf"},
    {file = "cssselect-1.1.0.tar.gz", hash = "sha256:f95f8dedd925fd8f54edb3d2dfb44c190d9d18512377d3c1e2388d16126879bc"},
]
django = [
    {file = "Django-4.0.7-py3-none-any.whl", hash = "sha256:41bd65a9e5f8a89cdbfa7a7bba45cd7431ae89e750af82dea8a35fd1a7ecbe66"},
    {file = "Django-4.0.7.tar.gz", hash = "sha256:9c6d5ad36be798e562ddcaa6b17b1c3ff2d3c4f529a47432b69fb9a30f847461"},
]
django-service-objects = [
    {file = "django-service-objects-0.7.1.tar.gz", hash = "sha256:9c14c383149f7369c2306439a8b1fec3d6c85c129e8e22479c131efab1530eb1"},
    {file = "django_service_objects-0.7.1-py3-none-any.whl", hash = "sha256:c13961062f35c68d8f59a98f75e970636aa8d4fc7e9dad85d222a39c13151449"},
]
feedgen = [
    {file = "feedgen-0.9.0.tar.gz", hash = "sha256:8e811bdbbed6570034950db23a4388453628a70e689a6e8303ccec430f5a804a"},
]
idna = [
    {file = "idna-3.3-py3-none-any.whl", hash = "sha256:84d9dd047ffa80596e0f246e2eab0b391788b0503584e8945f2368256d2735ff"},
    {file = "idna-3.3.tar.gz", hash = "sha256:9d643ff0a55b762d5cdb124b8eaa99c66322e2157b69160bc32796e824360e6d"},
]
lxml = [
    {file = "lxml-4.9.1-cp27-cp27m-macosx_10_15_x86_64.whl", hash = "sha256:98cafc618614d72b02185ac583c6f7796202062c41d2eeecdf07820bad3295ed"},
    {file = "lxml-4.9.1-cp27-cp27m-manylinux_2_5_i686.manylinux1_i686.whl", hash = "sha256:c62e8dd9754b7debda0c5ba59d34509c4688f853588d75b53c3791983faa96fc"},
    {file = "lxml-4.9.1-cp27-cp27m-manylinux_2_5_x86_64.manylinux1_x86_64.whl", hash = "sha256:21fb3d24ab430fc538a96e9fbb9b150029914805d551deeac7d7822f64631dfc"},
    {file = "lxml-4.9.1-cp27-cp27m-win32.whl", hash = "sha256:86e92728ef3fc842c50a5cb1d5ba2bc66db7da08a7af53fb3da79e202d1b2cd3"},
    {file = "lxml-4.9.1-cp27-cp27m-win_amd64.whl", hash = "sha256:4cfbe42c686f33944e12f45a27d25a492cc0e43e1dc1da5d6a87cbcaf2e95627"},
    {file = "lxml-4.9.1-cp27-cp27mu-manylinux_2_5_i686.manylinux1_i686.whl", hash = "sha256:dad7b164905d3e534883281c050180afcf1e230c3d4a54e8038aa5cfcf312b84"},
    {file = "lxml-4.9.1-cp27-cp27mu-manylinux_2_5_x86_64.manylinux1_x86_64.whl", hash = "sha256:a614e4afed58c14254e67862456d212c4dcceebab2eaa44d627c2ca04bf86837"},
    {file = "lxml-4.9.1-cp310-cp310-manylinux_2_12_i686.manylinux2010_i686.manylinux_2_24_i686.whl", hash = "sha256:f9ced82717c7ec65a67667bb05865ffe38af0e835cdd78728f1209c8fffe0cad"},
    {file = "lxml-4.9.1-cp310-cp310-manylinux_2_17_aarch64.manylinux2014_aarch64.manylinux_2_24_aarch64.whl", hash = "sha256:d9fc0bf3ff86c17348dfc5d322f627d78273eba545db865c3cd14b3f19e57fa5"},
    {file = "lxml-4.9.1-cp310-cp310-manylinux_2_17_x86_64.manylinux2014_x86_64.manylinux_2_24_x86_64.whl", hash = "sha256:e5f66bdf0976ec667fc4594d2812a00b07ed14d1b44259d19a41ae3fff99f2b8"},
    {file = "lxml-4.9.1-cp310-cp310-musllinux_1_1_aarch64.whl", hash = "sha256:fe17d10b97fdf58155f858606bddb4e037b805a60ae023c009f760d8361a4eb8"},
    {file = "lxml-4.9.1-cp310-cp310-musllinux_1_1_x86_64.whl", hash = "sha256:8caf4d16b31961e964c62194ea3e26a0e9561cdf72eecb1781458b67ec83423d"},
    {file = "lxml-4.9.1-cp310-cp310-win32.whl", hash = "sha256:4780677767dd52b99f0af1f123bc2c22873d30b474aa0e2fc3fe5e02217687c7"},
    {file = "lxml-4.9.1-cp310-cp310-win_amd64.whl", hash = "sha256:b122a188cd292c4d2fcd78d04f863b789ef43aa129b233d7c9004de08693728b"},
    {file = "lxml-4.9.1-cp311-cp311-manylinux_2_12_i686.manylinux2010_i686.manylinux_2_24_i686.whl", hash = "sha256:be9eb06489bc975c38706902cbc6888f39e946b81383abc2838d186f0e8b6a9d"},
    {file = "lxml-4.9.1-cp311-cp311-manylinux_2_17_x86_64.manylinux2014_x86_64.manylinux_2_24_x86_64.whl", hash = "sha256:f1be258c4d3dc609e654a1dc59d37b17d7fef05df912c01fc2e15eb43a9735f3"},
    {file = "lxml-4.9.1-cp311-cp311-musllinux_1_1_x86_64.whl", hash = "sha256:927a9dd016d6033bc12e0bf5dee1dde140235fc8d0d51099353c76081c03dc29"},
    {file = "lxml-4.9.1-cp35-cp35m-manylinux_2_5_i686.manylinux1_i686.whl", hash = "sha256:9232b09f5efee6a495a99ae6824881940d6447debe272ea400c02e3b68aad85d"},
    {file = "lxml-4.9.1-cp35-cp35m-manylinux_2_5_x86_64.manylinux1_x86_64.whl", hash = "sha256:04da965dfebb5dac2619cb90fcf93efdb35b3c6994fea58a157a834f2f94b318"},
    {file = "lxml-4.9.1-cp35-cp35m-win32.whl", hash = "sha256:4d5bae0a37af799207140652a700f21a85946f107a199bcb06720b13a4f1f0b7"},
    {file = "lxml-4.9.1-cp35-cp35m-win_amd64.whl", hash = "sha256:4878e667ebabe9b65e785ac8da4d48886fe81193a84bbe49f12acff8f7a383a4"},
    {file = "lxml-4.9.1-cp36-cp36m-macosx_10_15_x86_64.whl", hash = "sha256:1355755b62c28950f9ce123c7a41460ed9743c699905cbe664a5bcc5c9c7c7fb"},
    {file = "lxml-4.9.1-cp36-cp36m-manylinux_2_12_i686.manylinux2010_i686.manylinux_2_24_i686.whl", hash = "sha256:bcaa1c495ce623966d9fc8a187da80082334236a2a1c7e141763ffaf7a405067"},
    {file = "lxml-4.9.1-cp36-cp36m-manylinux_2_17_aarch64.manylinux2014_aarch64.whl", hash = "sha256:6eafc048ea3f1b3c136c71a86db393be36b5b3d9c87b1c25204e7d397cee9536"},
    {file = "lxml-4.9.1-cp36-cp36m-manylinux_2_17_x86_64.manylinux2014_x86_64.manylinux_2_24_x86_64.whl", hash = "sha256:13c90064b224e10c14dcdf8086688d3f0e612db53766e7478d7754703295c7c8"},
    {file = "lxml-4.9.1-cp36-cp36m-manylinux_2_5_i686.manylinux1_i686.whl", hash = "sha256:206a51077773c6c5d2ce1991327cda719063a47adc02bd703c56a662cdb6c58b"},
    {file = "lxml-4.9.1-cp36-cp36m-manylinux_2_5_x86_64.manylinux1_x86_64.whl", hash = "sha256:e8f0c9d65da595cfe91713bc1222af9ecabd37971762cb830dea2fc3b3bb2acf"},
    {file = "lxml-4.9.1-cp36-cp36m-musllinux_1_1_aarch64.whl", hash = "sha256:8f0a4d179c9a941eb80c3a63cdb495e539e064f8054230844dcf2fcb812b71d3"},
    {file = "lxml-4.9.1-cp36-cp36m-musllinux_1_1_x86_64.whl", hash = "sha256:830c88747dce8a3e7525defa68afd742b4580df6aa2fdd6f0855481e3994d391"},
    {file = "lxml-4.9.1-cp36-cp36m-win32.whl", hash = "sha256:1e1cf47774373777936c5aabad489fef7b1c087dcd1f426b621fda9dcc12994e"},
    {file = "lxml-4.9.1-cp36-cp36m-win_amd64.whl", hash = "sha256:5974895115737a74a00b321e339b9c3f45c20275d226398ae79ac008d908bff7"},
    {file = "lxml-4.9.1-cp37-cp37m-macosx_10_15_x86_64.whl", hash = "sha256:1423631e3d51008871299525b541413c9b6c6423593e89f9c4cfbe8460afc0a2"},
    {file = "lxml-4.9.1-cp37-cp37m-manylinux_2_12_i686.manylinux2010_i686.manylinux_2_24_i686.whl", hash = "sha256:2aaf6a0a6465d39b5ca69688fce82d20088c1838534982996ec46633dc7ad6cc"},
    {file = "lxml-4.9.1-cp37-cp37m-manylinux_2_17_aarch64.manylinux2014_aarch64.manylinux_2_24_aarch64.whl", hash = "sha256:9f36de4cd0c262dd9927886cc2305aa3f2210db437aa4fed3fb4940b8bf4592c"},
    {file = "lxml-4.9.1-cp37-cp37m-manylinux_2_17_x86_64.manylinux2014_x86_64.manylinux_2_24_x86_64.whl", hash = "sha256:ae06c1e4bc60ee076292e582a7512f304abdf6c70db59b56745cca1684f875a4"},
    {file = "lxml-4.9.1-cp37-cp37m-manylinux_2_5_i686.manylinux1_i686.whl", hash = "sha256:57e4d637258703d14171b54203fd6822fda218c6c2658a7d30816b10995f29f3"},
    {file = "lxml-4.9.1-cp37-cp37m-manylinux_2_5_x86_64.manylinux1_x86_64.whl", hash = "sha256:6d279033bf614953c3fc4a0aa9ac33a21e8044ca72d4fa8b9273fe75359d5cca"},
    {file = "lxml-4.9.1-cp37-cp37m-musllinux_1_1_aarch64.whl", hash = "sha256:a60f90bba4c37962cbf210f0188ecca87daafdf60271f4c6948606e4dabf8785"},
    {file = "lxml-4.9.1-cp37-cp37m-musllinux_1_1_x86_64.whl", hash = "sha256:6ca2264f341dd81e41f3fffecec6e446aa2121e0b8d026fb5130e02de1402785"},
    {file = "lxml-4.9.1-cp37-cp37m-win32.whl", hash = "sha256:27e590352c76156f50f538dbcebd1925317a0f70540f7dc8c97d2931c595783a"},
    {file = "lxml-4.9.1-cp37-cp37m-win_amd64.whl", hash = "sha256:eea5d6443b093e1545ad0210e6cf27f920482bfcf5c77cdc8596aec73523bb7e"},
    {file = "lxml-4.9.1-cp38-cp38-macosx_10_15_x86_64.whl", hash = "sha256:f05251bbc2145349b8d0b77c0d4e5f3b228418807b1ee27cefb11f69ed3d233b"},
    {file = "lxml-4.9.1-cp38-cp38-manylinux_2_12_i686.manylinux2010_i686.manylinux_2_24_i686.whl", hash = "sha256:487c8e61d7acc50b8be82bda8c8d21d20e133c3cbf41bd8ad7eb1aaeb3f07c97"},
    {file = "lxml-4.9.1-cp38-cp38-manylinux_2_17_aarch64.manylinux2014_aarch64.manylinux_2_24_aarch64.whl", hash = "sha256:8d1a92d8e90b286d491e5626af53afef2ba04da33e82e30744795c71880eaa21"},
    {file = "lxml-4.9.1-cp38-cp38-manylinux_2_17_x86_64.manylinux2014_x86_64.manylinux_2_24_x86_64.whl", hash = "sha256:b570da8cd0012f4af9fa76a5635cd31f707473e65a5a335b186069d5c7121ff2"},
    {file = "lxml-4.9.1-cp38-cp38-manylinux_2_5_i686.manylinux1_i686.whl", hash = "sha256:5ef87fca280fb15342726bd5f980f6faf8b84a5287fcc2d4962ea8af88b35130"},
    {file = "lxml-4.9.1-cp38-cp38-manylinux_2_5_x86_64.manylinux1_x86_64.whl", hash = "sha256:93e414e3206779ef41e5ff2448067213febf260ba747fc65389a3ddaa3fb8715"},
    {file = "lxml-4.9.1-cp38-cp38-musllinux_1_1_aarch64.whl", hash = "sha256:6653071f4f9bac46fbc30f3c7838b0e9063ee335908c5d61fb7a4a86c8fd2036"},
    {file = "lxml-4.9.1-cp38-cp38-musllinux_1_1_x86_64.whl", hash = "sha256:32a73c53783becdb7eaf75a2a1525ea8e49379fb7248c3eeefb9412123536387"},
    {file = "lxml-4.9.1-cp38-cp38-win32.whl", hash = "sha256:1a7c59c6ffd6ef5db362b798f350e24ab2cfa5700d53ac6681918f314a4d3b94"},
    {file = "lxml-4.9.1-cp38-cp38-win_amd64.whl", hash = "sha256:1436cf0063bba7888e43f1ba8d58824f085410ea2025befe81150aceb123e345"},
    {file = "lxml-4.9.1-cp39-cp39-macosx_10_15_x86_64.whl", hash = "sha256:4beea0f31491bc086991b97517b9683e5cfb369205dac0148ef685ac12a20a67"},
    {file = "lxml-4.9.1-cp39-cp39-manylinux_2_12_i686.manylinux2010_i686.manylinux_2_24_i686.whl", hash = "sha256:41fb58868b816c202e8881fd0f179a4644ce6e7cbbb248ef0283a34b73ec73bb"},
    {file = "lxml-4.9.1-cp39-cp39-manylinux_2_17_aarch64.manylinux2014_aarch64.manylinux_2_24_aarch64.whl", hash = "sha256:bd34f6d1810d9354dc7e35158aa6cc33456be7706df4420819af6ed966e85448"},
    {file = "lxml-4.9.1-cp39-cp39-manylinux_2_17_x86_64.manylinux2014_x86_64.manylinux_2_24_x86_64.whl", hash = "sha256:edffbe3c510d8f4bf8640e02ca019e48a9b72357318383ca60e3330c23aaffc7"},
    {file = "lxml-4.9.1-cp39-cp39-manylinux_2_5_i686.manylinux1_i686.whl", hash = "sha256:6d949f53ad4fc7cf02c44d6678e7ff05ec5f5552b235b9e136bd52e9bf730b91"},
    {file = "lxml-4.9.1-cp39-cp39-manylinux_2_5_x86_64.manylinux1_x86_64.whl", hash = "sha256:079b68f197c796e42aa80b1f739f058dcee796dc725cc9a1be0cdb08fc45b000"},
    {file = "lxml-4.9.1-cp39-cp39-musllinux_1_1_aarch64.whl", hash = "sha256:9c3a88d20e4fe4a2a4a84bf439a5ac9c9aba400b85244c63a1ab7088f85d9d25"},
    {file = "lxml-4.9.1-cp39-cp39-musllinux_1_1_x86_64.whl", hash = "sha256:4e285b5f2bf321fc0857b491b5028c5f276ec0c873b985d58d7748ece1d770dd"},
    {file = "lxml-4.9.1-cp39-cp39-win32.whl", hash = "sha256:ef72013e20dd5ba86a8ae1aed7f56f31d3374189aa8b433e7b12ad182c0d2dfb"},
    {file = "lxml-4.9.1-cp39-cp39-win_amd64.whl", hash = "sha256:10d2017f9150248563bb579cd0d07c61c58da85c922b780060dcc9a3aa9f432d"},
    {file = "lxml-4.9.1-pp37-pypy37_pp73-macosx_10_15_x86_64.whl", hash = "sha256:0538747a9d7827ce3e16a8fdd201a99e661c7dee3c96c885d8ecba3c35d1032c"},
    {file = "lxml-4.9.1-pp37-pypy37_pp73-manylinux_2_12_i686.manylinux2010_i686.manylinux_2_24_i686.whl", hash = "sha256:0645e934e940107e2fdbe7c5b6fb8ec6232444260752598bc4d09511bd056c0b"},
    {file = "lxml-4.9.1-pp37-pypy37_pp73-manylinux_2_17_x86_64.manylinux2014_x86_64.manylinux_2_24_x86_64.whl", hash = "sha256:6daa662aba22ef3258934105be2dd9afa5bb45748f4f702a3b39a5bf53a1f4dc"},
    {file = "lxml-4.9.1-pp38-pypy38_pp73-macosx_10_15_x86_64.whl", hash = "sha256:603a464c2e67d8a546ddaa206d98e3246e5db05594b97db844c2f0a1af37cf5b"},
    {file = "lxml-4.9.1-pp38-pypy38_pp73-manylinux_2_12_i686.manylinux2010_i686.manylinux_2_24_i686.whl", hash = "sha256:c4b2e0559b68455c085fb0f6178e9752c4be3bba104d6e881eb5573b399d1eb2"},
    {file = "lxml-4.9.1-pp38-pypy38_pp73-manylinux_2_17_x86_64.manylinux2014_x86_64.manylinux_2_24_x86_64.whl", hash = "sha256:0f3f0059891d3254c7b5fb935330d6db38d6519ecd238ca4fce93c234b4a0f73"},
    {file = "lxml-4.9.1-pp39-pypy39_pp73-manylinux_2_12_i686.manylinux2010_i686.manylinux_2_24_i686.whl", hash = "sha256:c852b1530083a620cb0de5f3cd6826f19862bafeaf77586f1aef326e49d95f0c"},
    {file = "lxml-4.9.1-pp39-pypy39_pp73-manylinux_2_17_x86_64.manylinux2014_x86_64.manylinux_2_24_x86_64.whl", hash = "sha256:287605bede6bd36e930577c5925fcea17cb30453d96a7b4c63c14a257118dbb9"},
    {file = "lxml-4.9.1.tar.gz", hash = "sha256:fe749b052bb7233fe5d072fcb549221a8cb1a16725c47c37e42b0b9cb3ff2c3f"},
]
pysocks = [
    {file = "PySocks-1.7.1-py27-none-any.whl", hash = "sha256:08e69f092cc6dbe92a0fdd16eeb9b9ffbc13cadfe5ca4c7bd92ffb078b293299"},
    {file = "PySocks-1.7.1-py3-none-any.whl", hash = "sha256:2725bd0a9925919b9b51739eea5f9e2bae91e83288108a9ad338b2e3a4435ee5"},
    {file = "PySocks-1.7.1.tar.gz", hash = "sha256:3f8804571ebe159c380ac6de37643bb4685970655d3bba243530d6558b799aa0"},
]
python-dateutil = [
    {file = "python-dateutil-2.8.2.tar.gz", hash = "sha256:0123cacc1627ae19ddf3c27a5de5bd67ee4586fbdd6440d9748f8abb483d3e86"},
    {file = "python_dateutil-2.8.2-py2.py3-none-any.whl", hash = "sha256:961d03dc3453ebbc59dbdea9e4e11c5651520a876d0f4db161e8674aae935da9"},
]
python-dotenv = [
    {file = "python-dotenv-0.20.0.tar.gz", hash = "sha256:b7e3b04a59693c42c36f9ab1cc2acc46fa5df8c78e178fc33a8d4cd05c8d498f"},
    {file = "python_dotenv-0.20.0-py3-none-any.whl", hash = "sha256:d92a187be61fe482e4fd675b6d52200e7be63a12b724abbf931a40ce4fa92938"},
]
requests = [
    {file = "requests-2.28.1-py3-none-any.whl", hash = "sha256:8fefa2a1a1365bf5520aac41836fbee479da67864514bdb821f31ce07ce65349"},
    {file = "requests-2.28.1.tar.gz", hash = "sha256:7c5599b102feddaa661c826c56ab4fee28bfd17f5abca1ebbe3e7f19d7c97983"},
]
requests-futures = [
    {file = "requests-futures-1.0.0.tar.gz", hash = "sha256:35547502bf1958044716a03a2f47092a89efe8f9789ab0c4c528d9c9c30bc148"},
    {file = "requests_futures-1.0.0-py2.py3-none-any.whl", hash = "sha256:633804c773b960cef009efe2a5585483443c6eac3c39cc64beba2884013bcdd9"},
]
requests-mock = [
    {file = "requests-mock-1.9.3.tar.gz", hash = "sha256:8d72abe54546c1fc9696fa1516672f1031d72a55a1d66c85184f972a24ba0eba"},
    {file = "requests_mock-1.9.3-py2.py3-none-any.whl", hash = "sha256:0a2d38a117c08bb78939ec163522976ad59a6b7fdd82b709e23bb98004a44970"},
]
sentry-sdk = [
    {file = "sentry-sdk-1.7.0.tar.gz", hash = "sha256:741762816cdd32f647fca94a4515098cd52cb09dfe8c78f7d70eb28d2eaf89c5"},
    {file = "sentry_sdk-1.7.0-py2.py3-none-any.whl", hash = "sha256:54cc2db9d85fcad557b2269f72f82f6f6b3a52eb93ae840a02a6eca4d9a0b707"},
]
six = [
    {file = "six-1.16.0-py2.py3-none-any.whl", hash = "sha256:8abb2f1d86890a2dfb989f9a77cfcfd3e47c2a354b01111771326f8aa26e0254"},
    {file = "six-1.16.0.tar.gz", hash = "sha256:1e61c37477a1626458e36f7b1d82aa5c9b094fa4802892072e49de9c60c4c926"},
]
sqlparse = [
    {file = "sqlparse-0.4.2-py3-none-any.whl", hash = "sha256:48719e356bb8b42991bdbb1e8b83223757b93789c00910a616a071910ca4a64d"},
    {file = "sqlparse-0.4.2.tar.gz", hash = "sha256:0c00730c74263a94e5a9919ade150dfc3b19c574389985446148402998287dae"},
]
tzdata = [
    {file = "tzdata-2022.1-py2.py3-none-any.whl", hash = "sha256:238e70234214138ed7b4e8a0fab0e5e13872edab3be586ab8198c407620e2ab9"},
    {file = "tzdata-2022.1.tar.gz", hash = "sha256:8b536a8ec63dc0751342b3984193a3118f8fca2afe25752bb9b7fffd398552d3"},
]
urllib3 = [
    {file = "urllib3-1.26.10-py2.py3-none-any.whl", hash = "sha256:8298d6d56d39be0e3bc13c1c97d133f9b45d797169a0e11cdd0e0489d786f7ec"},
    {file = "urllib3-1.26.10.tar.gz", hash = "sha256:879ba4d1e89654d9769ce13121e0f94310ea32e8d2f8cf587b77c08bbcdb30d6"},
]
uwsgi = [
    {file = "uwsgi-2.0.20.tar.gz", hash = "sha256:88ab9867d8973d8ae84719cf233b7dafc54326fcaec89683c3f9f77c002cdff9"},
]
